
Microsoft Visual Studio Solution File, Format Version 12.00
# Visual Studio Version 16
VisualStudioVersion = 16.0.33927.289
MinimumVisualStudioVersion = 10.0.40219.1
Project("{FAE04EC0-301F-11D3-BF4B-00C04F79EFBC}") = "web47", "web47.csproj", "{2D3F02AB-211F-4355-A582-BBB6A436B522}"
EndProject
Global
	GlobalSection(SolutionConfigurationPlatforms) = preSolution
		Debug|Any CPU = Debug|Any CPU
		Release|Any CPU = Release|Any CPU
	EndGlobalSection
	GlobalSection(ProjectConfigurationPlatforms) = postSolution
		{2D3F02AB-211F-4355-A582-BBB6A436B522}.Debug|Any CPU.ActiveCfg = Debug|Any CPU
		{2D3F02AB-211F-4355-A582-BBB6A436B522}.Debug|Any CPU.Build.0 = Debug|Any CPU
		{2D3F02AB-211F-4355-A582-BBB6A436B522}.Release|Any CPU.ActiveCfg = Release|Any CPU
		{2D3F02AB-211F-4355-A582-BBB6A436B522}.Release|Any CPU.Build.0 = Release|Any CPU
	EndGlobalSection
	GlobalSection(SolutionProperties) = preSolution
		HideSolutionNode = FALSE
	EndGlobalSection
	GlobalSection(ExtensibilityGlobals) = postSolution
		SolutionGuid = {84ED8CDB-958D-408A-B7A1-9F1442108086}
	EndGlobalSection
EndGlobal
